// !$*UTF8*$!
{
	archiveVersion = 1;
	classes = {
	};
	objectVersion = 52;
	objects = {

/* Begin PBXBuildFile section */
		CEA9E4FC266CD7660031C92E /* TV2App.swift in Sources */ = {isa = PBXBuildFile; fileRef = CEA9E4FB266CD7660031C92E /* TV2App.swift */; };
		CEA9E4FE266CD7660031C92E /* ContentView.swift in Sources */ = {isa = PBXBuildFile; fileRef = CEA9E4FD266CD7660031C92E /* ContentView.swift */; };
		CEA9E500266CD7670031C92E /* Assets.xcassets in Resources */ = {isa = PBXBuildFile; fileRef = CEA9E4FF266CD7670031C92E /* Assets.xcassets */; };
		CEA9E503266CD7670031C92E /* Preview Assets.xcassets in Resources */ = {isa = PBXBuildFile; fileRef = CEA9E502266CD7670031C92E /* Preview Assets.xcassets */; };
		CEA9E50D266CD77C0031C92E /* Alamofire in Frameworks */ = {isa = PBXBuildFile; productRef = CEA9E50C266CD77C0031C92E /* Alamofire */; };
		CEA9E511266CD7AD0031C92E /* SwiftyJSON in Frameworks */ = {isa = PBXBuildFile; productRef = CEA9E510266CD7AD0031C92E /* SwiftyJSON */; };
		CEA9E515266CD86A0031C92E /* SignlnView.swift in Sources */ = {isa = PBXBuildFile; fileRef = CEA9E514266CD86A0031C92E /* SignlnView.swift */; };
		CEA9E519266CD8960031C92E /* ViewModel.swift in Sources */ = {isa = PBXBuildFile; fileRef = CEA9E518266CD8960031C92E /* ViewModel.swift */; };
/* End PBXBuildFile section */

/* Begin PBXFileReference section */
		CEA9E4F8266CD7660031C92E /* TV2.app */ = {isa = PBXFileReference; explicitFileType = wrapper.application; includeInIndex = 0; path = TV2.app; sourceTree = BUILT_PRODUCTS_DIR; };
		CEA9E4FB266CD7660031C92E /* TV2App.swift */ = {isa = PBXFileReference; lastKnownFileType = sourcecode.swift; path = TV2App.swift; sourceTree = "<group>"; };
		CEA9E4FD266CD7660031C92E /* ContentView.swift */ = {isa = PBXFileReference; lastKnownFileType = sourcecode.swift; path = ContentView.swift; sourceTree = "<group>"; };
		CEA9E4FF266CD7670031C92E /* Assets.xcassets */ = {isa = PBXFileReference; lastKnownFileType = folder.assetcatalog; path = Assets.xcassets; sourceTree = "<group>"; };
		CEA9E502266CD7670031C92E /* Preview Assets.xcassets */ = {isa = PBXFileReference; lastKnownFileType = folder.assetcatalog; path = "Preview Assets.xcassets"; sourceTree = "<group>"; };
		CEA9E504266CD7670031C92E /* Info.plist */ = {isa = PBXFileReference; lastKnownFileType = text.plist.xml; path = Info.plist; sourceTree = "<group>"; };
		CEA9E514266CD86A0031C92E /* SignlnView.swift */ = {isa = PBXFileReference; lastKnownFileType = sourcecode.swift; path = SignlnView.swift; sourceTree = "<group>"; };
		CEA9E518266CD8960031C92E /* ViewModel.swift */ = {isa = PBXFileReference; lastKnownFileType = sourcecode.swift; path = ViewModel.swift; sourceTree = "<group>"; };
/* End PBXFileReference section */

/* Begin PBXFrameworksBuildPhase section */
		CEA9E4F5266CD7660031C92E /* Frameworks */ = {
			isa = PBXFrameworksBuildPhase;
			buildActionMask = 2147483647;
			files = (
				CEA9E511266CD7AD0031C92E /* SwiftyJSON in Frameworks */,
				CEA9E50D266CD77C0031C92E /* Alamofire in Frameworks */,
			);
			runOnlyForDeploymentPostprocessing = 0;
		};
/* End PBXFrameworksBuildPhase section */

/* Begin PBXGroup section */
		CEA9E4EF266CD7660031C92E = {
			isa = PBXGroup;
			children = (
				CEA9E4FA266CD7660031C92E /* TV2 */,
				CEA9E4F9266CD7660031C92E /* Products */,
			);
			sourceTree = "<group>";
		};
		CEA9E4F9266CD7660031C92E /* Products */ = {
			isa = PBXGroup;
			children = (
				CEA9E4F8266CD7660031C92E /* TV2.app */,
			);
			name = Products;
			sourceTree = "<group>";
		};
		CEA9E4FA266CD7660031C92E /* TV2 */ = {
			isa = PBXGroup;
			children = (
				CEA9E4FB266CD7660031C92E /* TV2App.swift */,
				CEA9E4FD266CD7660031C92E /* ContentView.swift */,
				CEA9E517266CD87A0031C92E /* ViewModel */,
				CEA9E513266CD8210031C92E /* View */,
				CEA9E4FF266CD7670031C92E /* Assets.xcassets */,
				CEA9E504266CD7670031C92E /* Info.plist */,
				CEA9E501266CD7670031C92E /* Preview Content */,
			);
			path = TV2;
			sourceTree = "<group>";
		};
		CEA9E501266CD7670031C92E /* Preview Content */ = {
			isa = PBXGroup;
			children = (
				CEA9E502266CD7670031C92E /* Preview Assets.xcassets */,
			);
			path = "Preview Content";
			sourceTree = "<group>";
		};
		CEA9E513266CD8210031C92E /* View */ = {
			isa = PBXGroup;
			children = (
				CEA9E514266CD86A0031C92E /* SignlnView.swift */,
			);
			path = View;
			sourceTree = "<group>";
		};
		CEA9E517266CD87A0031C92E /* ViewModel */ = {
			isa = PBXGroup;
			children = (
				CEA9E518266CD8960031C92E /* ViewModel.swift */,
			);
			path = ViewModel;
			sourceTree = "<group>";
		};
/* End PBXGroup section */

/* Begin PBXNativeTarget section */
		CEA9E4F7266CD7660031C92E /* TV2 */ = {
			isa = PBXNativeTarget;
			buildConfigurationList = CEA9E507266CD7670031C92E /* Build configuration list for PBXNativeTarget "TV2" */;
			buildPhases = (
				CEA9E4F4266CD7660031C92E /* Sources */,
				CEA9E4F5266CD7660031C92E /* Frameworks */,
				CEA9E4F6266CD7660031C92E /* Resources */,
			);
			buildRules = (
			);
			dependencies = (
			);
			name = TV2;
			packageProductDependencies = (
				CEA9E50C266CD77C0031C92E /* Alamofire */,
				CEA9E510266CD7AD0031C92E /* SwiftyJSON */,
			);
			productName = TV2;
			productReference = CEA9E4F8266CD7660031C92E /* TV2.app */;
			productType = "com.apple.product-type.application";
		};
/* End PBXNativeTarget section */

/* Begin PBXProject section */
		CEA9E4F0266CD7660031C92E /* Project object */ = {
			isa = PBXProject;
			attributes = {
				LastSwiftUpdateCheck = 1240;
				LastUpgradeCheck = 1240;
				TargetAttributes = {
					CEA9E4F7266CD7660031C92E = {
						CreatedOnToolsVersion = 12.4;
					};
				};
			};
			buildConfigurationList = CEA9E4F3266CD7660031C92E /* Build configuration list for PBXProject "TV2" */;
			compatibilityVersion = "Xcode 9.3";
			developmentRegion = en;
			hasScannedForEncodings = 0;
			knownRegions = (
				en,
				Base,
			);
			mainGroup = CEA9E4EF266CD7660031C92E;
			packageReferences = (
				CEA9E50B266CD77C0031C92E /* XCRemoteSwiftPackageReference "Alamofire" */,
				CEA9E50F266CD7AD0031C92E /* XCRemoteSwiftPackageReference "SwiftyJSON" */,
			);
			productRefGroup = CEA9E4F9266CD7660031C92E /* Products */;
			projectDirPath = "";
			projectRoot = "";
			targets = (
				CEA9E4F7266CD7660031C92E /* TV2 */,
			);
		};
/* End PBXProject section */

/* Begin PBXResourcesBuildPhase section */
		CEA9E4F6266CD7660031C92E /* Resources */ = {
			isa = PBXResourcesBuildPhase;
			buildActionMask = 2147483647;
			files = (
				CEA9E503266CD7670031C92E /* Preview Assets.xcassets in Resources */,
				CEA9E500266CD7670031C92E /* Assets.xcassets in Resources */,
			);
			runOnlyForDeploymentPostprocessing = 0;
		};
/* End PBXResourcesBuildPhase section */

/* Begin PBXSourcesBuildPhase section */
		CEA9E4F4266CD7660031C92E /* Sources */ = {
			isa = PBXSourcesBuildPhase;
			buildActionMask = 2147483647;
			files = (
				CEA9E515266CD86A0031C92E /* SignlnView.swift in Sources */,
				CEA9E4FE266CD7660031C92E /* ContentView.swift in Sources */,
				CEA9E519266CD8960031C92E /* ViewModel.swift in Sources */,
				CEA9E4FC266CD7660031C92E /* TV2App.swift in Sources */,
			);
			runOnlyForDeploymentPostprocessing = 0;
		};
/* End PBXSourcesBuildPhase section */

/* Begin XCBuildConfiguration section */
		CEA9E505266CD7670031C92E /* Debug */ = {
			isa = XCBuildConfiguration;
			buildSettings = {
				ALWAYS_SEARCH_USER_PATHS = NO;
				CLANG_ANALYZER_NONNULL = YES;
				CLANG_ANALYZER_NUMBER_OBJECT_CONVERSION = YES_AGGRESSIVE;
				CLANG_CXX_LANGUAGE_STANDARD = "gnu++14";
				CLANG_CXX_LIBRARY = "libc++";
				CLANG_ENABLE_MODULES = YES;
				CLANG_ENABLE_OBJC_ARC = YES;
				CLANG_ENABLE_OBJC_WEAK = YES;
				CLANG_WARN_BLOCK_CAPTURE_AUTORELEASING = YES;
				CLANG_WARN_BOOL_CONVERSION = YES;
				CLANG_WARN_COMMA = YES;
				CLANG_WARN_CONSTANT_CONVERSION = YES;
				CLANG_WARN_DEPRECATED_OBJC_IMPLEMENTATIONS = YES;
				CLANG_WARN_DIRECT_OBJC_ISA_USAGE = YES_ERROR;
				CLANG_WARN_DOCUMENTATION_COMMENTS = YES;
				CLANG_WARN_EMPTY_BODY = YES;
				CLANG_WARN_ENUM_CONVERSION = YES;
				CLANG_WARN_INFINITE_RECURSION = YES;
				CLANG_WARN_INT_CONVERSION = YES;
				CLANG_WARN_NON_LITERAL_NULL_CONVERSION = YES;
				CLANG_WARN_OBJC_IMPLICIT_RETAIN_SELF = YES;
				CLANG_WARN_OBJC_LITERAL_CONVERSION = YES;
				CLANG_WARN_OBJC_ROOT_CLASS = YES_ERROR;
				CLANG_WARN_QUOTED_INCLUDE_IN_FRAMEWORK_HEADER = YES;
				CLANG_WARN_RANGE_LOOP_ANALYSIS = YES;
				CLANG_WARN_STRICT_PROTOTYPES = YES;
				CLANG_WARN_SUSPICIOUS_MOVE = YES;
				CLANG_WARN_UNGUARDED_AVAILABILITY = YES_AGGRESSIVE;
				CLANG_WARN_UNREACHABLE_CODE = YES;
				CLANG_WARN__DUPLICATE_METHOD_MATCH = YES;
				COPY_PHASE_STRIP = NO;
				DEBUG_INFORMATION_FORMAT = dwarf;
				ENABLE_STRICT_OBJC_MSGSEND = YES;
				ENABLE_TESTABILITY = YES;
				GCC_C_LANGUAGE_STANDARD = gnu11;
				GCC_DYNAMIC_NO_PIC = NO;
				GCC_NO_COMMON_BLOCKS = YES;
				GCC_OPTIMIZATION_LEVEL = 0;
				GCC_PREPROCESSOR_DEFINITIONS = (
					"DEBUG=1",
					"$(inherited)",
				);
				GCC_WARN_64_TO_32_BIT_CONVERSION = YES;
				GCC_WARN_ABOUT_RETURN_TYPE = YES_ERROR;
				GCC_WARN_UNDECLARED_SELECTOR = YES;
				GCC_WARN_UNINITIALIZED_AUTOS = YES_AGGRESSIVE;
				GCC_WARN_UNUSED_FUNCTION = YES;
				GCC_WARN_UNUSED_VARIABLE = YES;
				MTL_ENABLE_DEBUG_INFO = INCLUDE_SOURCE;
				MTL_FAST_MATH = YES;
				ONLY_ACTIVE_ARCH = YES;
				SDKROOT = appletvos;
				SWIFT_ACTIVE_COMPILATION_CONDITIONS = DEBUG;
				SWIFT_OPTIMIZATION_LEVEL = "-Onone";
				TVOS_DEPLOYMENT_TARGET = 14.3;
			};
			name = Debug;
		};
		CEA9E506266CD7670031C92E /* Release */ = {
			isa = XCBuildConfiguration;
			buildSettings = {
				ALWAYS_SEARCH_USER_PATHS = NO;
				CLANG_ANALYZER_NONNULL = YES;
				CLANG_ANALYZER_NUMBER_OBJECT_CONVERSION = YES_AGGRESSIVE;
				CLANG_CXX_LANGUAGE_STANDARD = "gnu++14";
				CLANG_CXX_LIBRARY = "libc++";
				CLANG_ENABLE_MODULES = YES;
				CLANG_ENABLE_OBJC_ARC = YES;
				CLANG_ENABLE_OBJC_WEAK = YES;
				CLANG_WARN_BLOCK_CAPTURE_AUTORELEASING = YES;
				CLANG_WARN_BOOL_CONVERSION = YES;
				CLANG_WARN_COMMA = YES;
				CLANG_WARN_CONSTANT_CONVERSION = YES;
				CLANG_WARN_DEPRECATED_OBJC_IMPLEMENTATIONS = YES;
				CLANG_WARN_DIRECT_OBJC_ISA_USAGE = YES_ERROR;
				CLANG_WARN_DOCUMENTATION_COMMENTS = YES;
				CLANG_WARN_EMPTY_BODY = YES;
				CLANG_WARN_ENUM_CONVERSION = YES;
				CLANG_WARN_INFINITE_RECURSION = YES;
				CLANG_WARN_INT_CONVERSION = YES;
				CLANG_WARN_NON_LITERAL_NULL_CONVERSION = YES;
				CLANG_WARN_OBJC_IMPLICIT_RETAIN_SELF = YES;
				CLANG_WARN_OBJC_LITERAL_CONVERSION = YES;
				CLANG_WARN_OBJC_ROOT_CLASS = YES_ERROR;
				CLANG_WARN_QUOTED_INCLUDE_IN_FRAMEWORK_HEADER = YES;
				CLANG_WARN_RANGE_LOOP_ANALYSIS = YES;
				CLANG_WARN_STRICT_PROTOTYPES = YES;
				CLANG_WARN_SUSPICIOUS_MOVE = YES;
				CLANG_WARN_UNGUARDED_AVAILABILITY = YES_AGGRESSIVE;
				CLANG_WARN_UNREACHABLE_CODE = YES;
				CLANG_WARN__DUPLICATE_METHOD_MATCH = YES;
				COPY_PHASE_STRIP = NO;
				DEBUG_INFORMATION_FORMAT = "dwarf-with-dsym";
				ENABLE_NS_ASSERTIONS = NO;
				ENABLE_STRICT_OBJC_MSGSEND = YES;
				GCC_C_LANGUAGE_STANDARD = gnu11;
				GCC_NO_COMMON_BLOCKS = YES;
				GCC_WARN_64_TO_32_BIT_CONVERSION = YES;
				GCC_WARN_ABOUT_RETURN_TYPE = YES_ERROR;
				GCC_WARN_UNDECLARED_SELECTOR = YES;
				GCC_WARN_UNINITIALIZED_AUTOS = YES_AGGRESSIVE;
				GCC_WARN_UNUSED_FUNCTION = YES;
				GCC_WARN_UNUSED_VARIABLE = YES;
				MTL_ENABLE_DEBUG_INFO = NO;
				MTL_FAST_MATH = YES;
				SDKROOT = appletvos;
				SWIFT_COMPILATION_MODE = wholemodule;
				SWIFT_OPTIMIZATION_LEVEL = "-O";
				TVOS_DEPLOYMENT_TARGET = 14.3;
				VALIDATE_PRODUCT = YES;
			};
			name = Release;
		};
		CEA9E508266CD7670031C92E /* Debug */ = {
			isa = XCBuildConfiguration;
			buildSettings = {
				ASSETCATALOG_COMPILER_APPICON_NAME = "App Icon & Top Shelf Image";
				ASSETCATALOG_COMPILER_GLOBAL_ACCENT_COLOR_NAME = AccentColor;
				CODE_SIGN_STYLE = Automatic;
				DEVELOPMENT_ASSET_PATHS = "\"TV2/Preview Content\"";
				ENABLE_PREVIEWS = YES;
				INFOPLIST_FILE = TV2/Info.plist;
				LD_RUNPATH_SEARCH_PATHS = (
					"$(inherited)",
					"@executable_path/Frameworks",
				);
				PRODUCT_BUNDLE_IDENTIFIER = help.TV2;
				PRODUCT_NAME = "$(TARGET_NAME)";
				SWIFT_VERSION = 5.0;
				TARGETED_DEVICE_FAMILY = 3;
				TVOS_DEPLOYMENT_TARGET = 14.0;
			};
			name = Debug;
		};
		CEA9E509266CD7670031C92E /* Release */ = {
			isa = XCBuildConfiguration;
			buildSettings = {
				ASSETCATALOG_COMPILER_APPICON_NAME = "App Icon & Top Shelf Image";
				ASSETCATALOG_COMPILER_GLOBAL_ACCENT_COLOR_NAME = AccentColor;
				CODE_SIGN_STYLE = Automatic;
				DEVELOPMENT_ASSET_PATHS = "\"TV2/Preview Content\"";
				ENABLE_PREVIEWS = YES;
				INFOPLIST_FILE = TV2/Info.plist;
				LD_RUNPATH_SEARCH_PATHS = (
					"$(inherited)",
					"@executable_path/Frameworks",
				);
				PRODUCT_BUNDLE_IDENTIFIER = help.TV2;
				PRODUCT_NAME = "$(TARGET_NAME)";
				SWIFT_VERSION = 5.0;
				TARGETED_DEVICE_FAMILY = 3;
				TVOS_DEPLOYMENT_TARGET = 14.0;
			};
			name = Release;
		};
/* End XCBuildConfiguration section */

/* Begin XCConfigurationList section */
		CEA9E4F3266CD7660031C92E /* Build configuration list for PBXProject "TV2" */ = {
			isa = XCConfigurationList;
			buildConfigurations = (
				CEA9E505266CD7670031C92E /* Debug */,
				CEA9E506266CD7670031C92E /* Release */,
			);
			defaultConfigurationIsVisible = 0;
			defaultConfigurationName = Release;
		};
		CEA9E507266CD7670031C92E /* Build configuration list for PBXNativeTarget "TV2" */ = {
			isa = XCConfigurationList;
			buildConfigurations = (
				CEA9E508266CD7670031C92E /* Debug */,
				CEA9E509266CD7670031C92E /* Release */,
			);
			defaultConfigurationIsVisible = 0;
			defaultConfigurationName = Release;
		};
/* End XCConfigurationList section */

/* Begin XCRemoteSwiftPackageReference section */
		CEA9E50B266CD77C0031C92E /* XCRemoteSwiftPackageReference "Alamofire" */ = {
			isa = XCRemoteSwiftPackageReference;
			repositoryURL = "https://github.com/Alamofire/Alamofire.git";
			requirement = {
				kind = upToNextMajorVersion;
				minimumVersion = 5.4.3;
			};
		};
		CEA9E50F266CD7AD0031C92E /* XCRemoteSwiftPackageReference "SwiftyJSON" */ = {
			isa = XCRemoteSwiftPackageReference;
			repositoryURL = "https://github.com/SwiftyJSON/SwiftyJSON.git";
			requirement = {
				kind = upToNextMajorVersion;
				minimumVersion = 5.0.1;
			};
		};
/* End XCRemoteSwiftPackageReference section */

/* Begin XCSwiftPackageProductDependency section */
		CEA9E50C266CD77C0031C92E /* Alamofire */ = {
			isa = XCSwiftPackageProductDependency;
			package = CEA9E50B266CD77C0031C92E /* XCRemoteSwiftPackageReference "Alamofire" */;
			productName = Alamofire;
		};
		CEA9E510266CD7AD0031C92E /* SwiftyJSON */ = {
			isa = XCSwiftPackageProductDependency;
			package = CEA9E50F266CD7AD0031C92E /* XCRemoteSwiftPackageReference "SwiftyJSON" */;
			productName = SwiftyJSON;
		};
/* End XCSwiftPackageProductDependency section */
	};
	rootObject = CEA9E4F0266CD7660031C92E /* Project object */;
}
